
Microsoft Visual Studio Solution File, Format Version 12.00
# Visual Studio Version 17
VisualStudioVersion = 17.7.34031.279
MinimumVisualStudioVersion = 10.0.40219.1
Project("{9A19103F-16F7-4668-BE54-9A1E7A4F7556}") = "ShopOnline.Web", "ShopOnline.Web\ShopOnline.Web.csproj", "{22DC4F98-A2C9-403D-9F8F-EED0EADD3550}"
EndProject
Project("{9A19103F-16F7-4668-BE54-9A1E7A4F7556}") = "ShopOnline.Api", "ShopOnline.Api\ShopOnline.Api.csproj", "{DE14EE14-DB12-43E3-B83F-DD7028DA4E8B}"
EndProject
Project("{FAE04EC0-301F-11D3-BF4B-00C04F79EFBC}") = "ShopOnline.Models", "ShopOnline.Models\ShopOnline.Models.csproj", "{8655932E-2437-42C7-87AA-71ADE02D2C6D}"
EndProject
Global
	GlobalSection(SolutionConfigurationPlatforms) = preSolution
		Debug|Any CPU = Debug|Any CPU
		Release|Any CPU = Release|Any CPU
	EndGlobalSection
	GlobalSection(ProjectConfigurationPlatforms) = postSolution
		{22DC4F98-A2C9-403D-9F8F-EED0EADD3550}.Debug|Any CPU.ActiveCfg = Debug|Any CPU
		{22DC4F98-A2C9-403D-9F8F-EED0EADD3550}.Debug|Any CPU.Build.0 = Debug|Any CPU
		{22DC4F98-A2C9-403D-9F8F-EED0EADD3550}.Release|Any CPU.ActiveCfg = Release|Any CPU
		{22DC4F98-A2C9-403D-9F8F-EED0EADD3550}.Release|Any CPU.Build.0 = Release|Any CPU
		{DE14EE14-DB12-43E3-B83F-DD7028DA4E8B}.Debug|Any CPU.ActiveCfg = Debug|Any CPU
		{DE14EE14-DB12-43E3-B83F-DD7028DA4E8B}.Debug|Any CPU.Build.0 = Debug|Any CPU
		{DE14EE14-DB12-43E3-B83F-DD7028DA4E8B}.Release|Any CPU.ActiveCfg = Release|Any CPU
		{DE14EE14-DB12-43E3-B83F-DD7028DA4E8B}.Release|Any CPU.Build.0 = Release|Any CPU
		{8655932E-2437-42C7-87AA-71ADE02D2C6D}.Debug|Any CPU.ActiveCfg = Debug|Any CPU
		{8655932E-2437-42C7-87AA-71ADE02D2C6D}.Debug|Any CPU.Build.0 = Debug|Any CPU
		{8655932E-2437-42C7-87AA-71ADE02D2C6D}.Release|Any CPU.ActiveCfg = Release|Any CPU
		{8655932E-2437-42C7-87AA-71ADE02D2C6D}.Release|Any CPU.Build.0 = Release|Any CPU
	EndGlobalSection
	GlobalSection(SolutionProperties) = preSolution
		HideSolutionNode = FALSE
	EndGlobalSection
	GlobalSection(ExtensibilityGlobals) = postSolution
		SolutionGuid = {F79EE7D2-C36E-4286-BCD6-C57D55E1E721}
	EndGlobalSection
EndGlobal
